
Microsoft Visual Studio Solution File, Format Version 12.00
# Visual Studio Version 16
VisualStudioVersion = 16.0.31702.278
MinimumVisualStudioVersion = 10.0.40219.1
Project("{FAE04EC0-301F-11D3-BF4B-00C04F79EFBC}") = "Demo", "Demo\Demo.csproj", "{491C073F-FA78-44E8-9F20-18C2FDBDA1B8}"
	ProjectSection(ProjectDependencies) = postProject
		{7B965394-FFCD-490D-84AB-49B3931CFB92} = {7B965394-FFCD-490D-84AB-49B3931CFB92}
	EndProjectSection
EndProject
Project("{FAE04EC0-301F-11D3-BF4B-00C04F79EFBC}") = "Domain", "Domain\Domain.csproj", "{7B965394-FFCD-490D-84AB-49B3931CFB92}"
EndProject
Project("{FAE04EC0-301F-11D3-BF4B-00C04F79EFBC}") = "Staff", "Staff\Staff.csproj", "{9DA30B03-5AFB-4679-A4F3-4ADDD5B97E2A}"
EndProject
Project("{FAE04EC0-301F-11D3-BF4B-00C04F79EFBC}") = "Domain.Tests", "Domain.Tests\Domain.Tests.csproj", "{EC754BD1-07D3-46A0-9A06-8D592CB563A7}"
EndProject
Global
	GlobalSection(SolutionConfigurationPlatforms) = preSolution
		Debug|Any CPU = Debug|Any CPU
		Release|Any CPU = Release|Any CPU
	EndGlobalSection
	GlobalSection(ProjectConfigurationPlatforms) = postSolution
		{491C073F-FA78-44E8-9F20-18C2FDBDA1B8}.Debug|Any CPU.ActiveCfg = Debug|Any CPU
		{491C073F-FA78-44E8-9F20-18C2FDBDA1B8}.Debug|Any CPU.Build.0 = Debug|Any CPU
		{491C073F-FA78-44E8-9F20-18C2FDBDA1B8}.Release|Any CPU.ActiveCfg = Release|Any CPU
		{491C073F-FA78-44E8-9F20-18C2FDBDA1B8}.Release|Any CPU.Build.0 = Release|Any CPU
		{7B965394-FFCD-490D-84AB-49B3931CFB92}.Debug|Any CPU.ActiveCfg = Debug|Any CPU
		{7B965394-FFCD-490D-84AB-49B3931CFB92}.Debug|Any CPU.Build.0 = Debug|Any CPU
		{7B965394-FFCD-490D-84AB-49B3931CFB92}.Release|Any CPU.ActiveCfg = Release|Any CPU
		{7B965394-FFCD-490D-84AB-49B3931CFB92}.Release|Any CPU.Build.0 = Release|Any CPU
		{9DA30B03-5AFB-4679-A4F3-4ADDD5B97E2A}.Debug|Any CPU.ActiveCfg = Debug|Any CPU
		{9DA30B03-5AFB-4679-A4F3-4ADDD5B97E2A}.Debug|Any CPU.Build.0 = Debug|Any CPU
		{9DA30B03-5AFB-4679-A4F3-4ADDD5B97E2A}.Release|Any CPU.ActiveCfg = Release|Any CPU
		{9DA30B03-5AFB-4679-A4F3-4ADDD5B97E2A}.Release|Any CPU.Build.0 = Release|Any CPU
		{EC754BD1-07D3-46A0-9A06-8D592CB563A7}.Debug|Any CPU.ActiveCfg = Debug|Any CPU
		{EC754BD1-07D3-46A0-9A06-8D592CB563A7}.Debug|Any CPU.Build.0 = Debug|Any CPU
		{EC754BD1-07D3-46A0-9A06-8D592CB563A7}.Release|Any CPU.ActiveCfg = Release|Any CPU
		{EC754BD1-07D3-46A0-9A06-8D592CB563A7}.Release|Any CPU.Build.0 = Release|Any CPU
	EndGlobalSection
	GlobalSection(SolutionProperties) = preSolution
		HideSolutionNode = FALSE
	EndGlobalSection
	GlobalSection(ExtensibilityGlobals) = postSolution
		SolutionGuid = {19206736-07CE-401C-97ED-FB78B1232BD9}
	EndGlobalSection
EndGlobal
