
Microsoft Visual Studio Solution File, Format Version 12.00
# Visual Studio Version 16
VisualStudioVersion = 16.0.31729.503
MinimumVisualStudioVersion = 10.0.40219.1
Project("{9A19103F-16F7-4668-BE54-9A1E7A4F7556}") = "Library.Domain", "Library.Domain\Library.Domain.csproj", "{745EE164-7E07-47E2-95B1-DC6AABCDBE55}"
EndProject
Project("{9A19103F-16F7-4668-BE54-9A1E7A4F7556}") = "Library.Demo", "Library.Demo\Library.Demo.csproj", "{BE79B23C-31E5-44B0-AC8E-B09E7E46C1B6}"
EndProject
Project("{9A19103F-16F7-4668-BE54-9A1E7A4F7556}") = "Library.Staff", "Library.Staff\Library.Staff.csproj", "{7328C4CF-FC4C-4EBA-B226-CC09192DB044}"
EndProject
Project("{2150E333-8FDC-42A3-9474-1A3956D46DE8}") = "Solution Items", "Solution Items", "{7A43D522-89CA-467B-B2A1-F68F2FAD5B50}"
	ProjectSection(SolutionItems) = preProject
		.editorconfig = .editorconfig
	EndProjectSection
EndProject
Project("{FAE04EC0-301F-11D3-BF4B-00C04F79EFBC}") = "Library.Demo.Tests", "Library.Demo.Tests\Library.Demo.Tests.csproj", "{05A02E2B-3BCE-4417-8A11-02861E10C939}"
EndProject
Global
	GlobalSection(SolutionConfigurationPlatforms) = preSolution
		Debug|Any CPU = Debug|Any CPU
		Release|Any CPU = Release|Any CPU
	EndGlobalSection
	GlobalSection(ProjectConfigurationPlatforms) = postSolution
		{745EE164-7E07-47E2-95B1-DC6AABCDBE55}.Debug|Any CPU.ActiveCfg = Debug|Any CPU
		{745EE164-7E07-47E2-95B1-DC6AABCDBE55}.Debug|Any CPU.Build.0 = Debug|Any CPU
		{745EE164-7E07-47E2-95B1-DC6AABCDBE55}.Release|Any CPU.ActiveCfg = Release|Any CPU
		{745EE164-7E07-47E2-95B1-DC6AABCDBE55}.Release|Any CPU.Build.0 = Release|Any CPU
		{BE79B23C-31E5-44B0-AC8E-B09E7E46C1B6}.Debug|Any CPU.ActiveCfg = Debug|Any CPU
		{BE79B23C-31E5-44B0-AC8E-B09E7E46C1B6}.Debug|Any CPU.Build.0 = Debug|Any CPU
		{BE79B23C-31E5-44B0-AC8E-B09E7E46C1B6}.Release|Any CPU.ActiveCfg = Release|Any CPU
		{BE79B23C-31E5-44B0-AC8E-B09E7E46C1B6}.Release|Any CPU.Build.0 = Release|Any CPU
		{7328C4CF-FC4C-4EBA-B226-CC09192DB044}.Debug|Any CPU.ActiveCfg = Debug|Any CPU
		{7328C4CF-FC4C-4EBA-B226-CC09192DB044}.Debug|Any CPU.Build.0 = Debug|Any CPU
		{7328C4CF-FC4C-4EBA-B226-CC09192DB044}.Release|Any CPU.ActiveCfg = Release|Any CPU
		{7328C4CF-FC4C-4EBA-B226-CC09192DB044}.Release|Any CPU.Build.0 = Release|Any CPU
		{05A02E2B-3BCE-4417-8A11-02861E10C939}.Debug|Any CPU.ActiveCfg = Debug|Any CPU
		{05A02E2B-3BCE-4417-8A11-02861E10C939}.Debug|Any CPU.Build.0 = Debug|Any CPU
		{05A02E2B-3BCE-4417-8A11-02861E10C939}.Release|Any CPU.ActiveCfg = Release|Any CPU
		{05A02E2B-3BCE-4417-8A11-02861E10C939}.Release|Any CPU.Build.0 = Release|Any CPU
	EndGlobalSection
	GlobalSection(SolutionProperties) = preSolution
		HideSolutionNode = FALSE
	EndGlobalSection
	GlobalSection(ExtensibilityGlobals) = postSolution
		SolutionGuid = {19206736-07CE-401C-97ED-FB78B1232BD9}
	EndGlobalSection
EndGlobal
